
Microsoft Visual Studio Solution File, Format Version 12.00
# Visual Studio 14
VisualStudioVersion = 14.0.25420.1
MinimumVisualStudioVersion = 10.0.40219.1
Project("{2150E333-8FDC-42A3-9474-1A3956D46DE8}") = "ActionBar", "ActionBar", "{ED690659-F01C-4A53-BD02-F2A0AFC9930D}"
EndProject
Project("{2150E333-8FDC-42A3-9474-1A3956D46DE8}") = "Fragments", "Fragments", "{6E2933D6-3FB3-4C9F-803F-2C79CEC7D4DF}"
EndProject
Project("{2150E333-8FDC-42A3-9474-1A3956D46DE8}") = "DrawerLayout", "DrawerLayout", "{3DBF72B8-0253-4044-A98D-39C257914A18}"
EndProject
Project("{2150E333-8FDC-42A3-9474-1A3956D46DE8}") = "Toolbar", "Toolbar", "{DC1366FD-6D9B-40A1-8C2F-49DD1D2FA3A4}"
EndProject
Project("{2150E333-8FDC-42A3-9474-1A3956D46DE8}") = "Sqlite", "Sqlite", "{6AF9FC8B-1523-4F40-8791-7523EFAFD3A6}"
EndProject
Project("{2150E333-8FDC-42A3-9474-1A3956D46DE8}") = "Notifications", "Notifications", "{E7233A59-D714-45ED-885E-62873461FAE7}"
EndProject
Project("{2150E333-8FDC-42A3-9474-1A3956D46DE8}") = "PopupMenu", "PopupMenu", "{F95F49F5-1A8C-44A0-923E-6949B161F423}"
EndProject
Project("{FAE04EC0-301F-11D3-BF4B-00C04F79EFBC}") = "ActionBar", "ActionBar\ActionBar\ActionBar.csproj", "{9D8EEB97-915C-4A85-A337-4F8C38313B99}"
EndProject
Project("{FAE04EC0-301F-11D3-BF4B-00C04F79EFBC}") = "ActionBar_Tab", "ActionBar_Tab\ActionBar_Tab\ActionBar_Tab.csproj", "{DA3B58A1-FCBD-4B26-A20B-E88AA6EF1D03}"
EndProject
Project("{FAE04EC0-301F-11D3-BF4B-00C04F79EFBC}") = "Left_Drawer", "Left_Drawer\Left_Drawer\Left_Drawer.csproj", "{5E423F8B-39CF-43FC-B5E1-3C08A04466BE}"
EndProject
Project("{FAE04EC0-301F-11D3-BF4B-00C04F79EFBC}") = "Left_Navigation", "Left_Navigation\Left_Navigation\Left_Navigation.csproj", "{49408032-5D38-42D5-9F38-CF80410D4DA9}"
EndProject
Project("{FAE04EC0-301F-11D3-BF4B-00C04F79EFBC}") = "Right_Drawer", "Right_Drawer\Right_Drawer\Right_Drawer.csproj", "{E99CB11C-17D2-4106-A8DB-D46A7D016E6D}"
EndProject
Project("{FAE04EC0-301F-11D3-BF4B-00C04F79EFBC}") = "Right_Navigation", "Right_Navigation\Right_Navigation\Right_Navigation.csproj", "{60AA9A46-B261-4E4F-86CB-CD6989E5E33C}"
EndProject
Project("{FAE04EC0-301F-11D3-BF4B-00C04F79EFBC}") = "Fragments", "Fragments\Fragments\Fragments.csproj", "{DDA56EBC-C8FF-4BF5-A6D3-D479BECC9DAA}"
EndProject
Project("{2150E333-8FDC-42A3-9474-1A3956D46DE8}") = "DialogFragment", "DialogFragment", "{8904EA56-0C90-41EC-9FAB-C3821FA06CC0}"
EndProject
Project("{FAE04EC0-301F-11D3-BF4B-00C04F79EFBC}") = "Android_Toolbar", "Android_Toolbar\Android_Toolbar\Android_Toolbar.csproj", "{348EEB7A-5F6D-4B5C-A08A-02B1C3416FAB}"
EndProject
Project("{FAE04EC0-301F-11D3-BF4B-00C04F79EFBC}") = "Popup_Menu", "Popup_Menu\Popup_Menu\Popup_Menu.csproj", "{03AB6143-C19C-413B-B43C-8CB319DB24B0}"
EndProject
Project("{FAE04EC0-301F-11D3-BF4B-00C04F79EFBC}") = "Notify", "Notify\Notify\Notify.csproj", "{35221201-546D-4753-8D22-E10A2EC9B266}"
EndProject
Project("{FAE04EC0-301F-11D3-BF4B-00C04F79EFBC}") = "Sqlite_In_Xamarin", "Sqlite_In_Xamarin\Sqlite_In_Xamarin\Sqlite_In_Xamarin.csproj", "{E7A3CB3A-7293-42EB-A851-4D96A009F03B}"
EndProject
Project("{2150E333-8FDC-42A3-9474-1A3956D46DE8}") = "RecycleView", "RecycleView", "{123905DC-1BEA-4BD2-A23C-383B14A734C4}"
EndProject
Project("{FAE04EC0-301F-11D3-BF4B-00C04F79EFBC}") = "Xamarin_RecycleView", "Xamarin_RecycleView\Xamarin_RecycleView\Xamarin_RecycleView.csproj", "{A4B799B3-484B-49D9-8224-2750A96071B3}"
EndProject
Project("{FAE04EC0-301F-11D3-BF4B-00C04F79EFBC}") = "Dialog_Fragment", "Dialog_Fragment\Dialog_Fragment\Dialog_Fragment.csproj", "{92244F4E-051D-48F0-8C70-8215B423F1E0}"
EndProject
Global
	GlobalSection(SolutionConfigurationPlatforms) = preSolution
		Debug|Any CPU = Debug|Any CPU
		Release|Any CPU = Release|Any CPU
	EndGlobalSection
	GlobalSection(ProjectConfigurationPlatforms) = postSolution
		{9D8EEB97-915C-4A85-A337-4F8C38313B99}.Debug|Any CPU.ActiveCfg = Debug|Any CPU
		{9D8EEB97-915C-4A85-A337-4F8C38313B99}.Debug|Any CPU.Build.0 = Debug|Any CPU
		{9D8EEB97-915C-4A85-A337-4F8C38313B99}.Debug|Any CPU.Deploy.0 = Debug|Any CPU
		{9D8EEB97-915C-4A85-A337-4F8C38313B99}.Release|Any CPU.ActiveCfg = Release|Any CPU
		{9D8EEB97-915C-4A85-A337-4F8C38313B99}.Release|Any CPU.Build.0 = Release|Any CPU
		{9D8EEB97-915C-4A85-A337-4F8C38313B99}.Release|Any CPU.Deploy.0 = Release|Any CPU
		{DA3B58A1-FCBD-4B26-A20B-E88AA6EF1D03}.Debug|Any CPU.ActiveCfg = Debug|Any CPU
		{DA3B58A1-FCBD-4B26-A20B-E88AA6EF1D03}.Debug|Any CPU.Build.0 = Debug|Any CPU
		{DA3B58A1-FCBD-4B26-A20B-E88AA6EF1D03}.Debug|Any CPU.Deploy.0 = Debug|Any CPU
		{DA3B58A1-FCBD-4B26-A20B-E88AA6EF1D03}.Release|Any CPU.ActiveCfg = Release|Any CPU
		{DA3B58A1-FCBD-4B26-A20B-E88AA6EF1D03}.Release|Any CPU.Build.0 = Release|Any CPU
		{DA3B58A1-FCBD-4B26-A20B-E88AA6EF1D03}.Release|Any CPU.Deploy.0 = Release|Any CPU
		{5E423F8B-39CF-43FC-B5E1-3C08A04466BE}.Debug|Any CPU.ActiveCfg = Debug|Any CPU
		{5E423F8B-39CF-43FC-B5E1-3C08A04466BE}.Debug|Any CPU.Build.0 = Debug|Any CPU
		{5E423F8B-39CF-43FC-B5E1-3C08A04466BE}.Debug|Any CPU.Deploy.0 = Debug|Any CPU
		{5E423F8B-39CF-43FC-B5E1-3C08A04466BE}.Release|Any CPU.ActiveCfg = Release|Any CPU
		{5E423F8B-39CF-43FC-B5E1-3C08A04466BE}.Release|Any CPU.Build.0 = Release|Any CPU
		{5E423F8B-39CF-43FC-B5E1-3C08A04466BE}.Release|Any CPU.Deploy.0 = Release|Any CPU
		{49408032-5D38-42D5-9F38-CF80410D4DA9}.Debug|Any CPU.ActiveCfg = Debug|Any CPU
		{49408032-5D38-42D5-9F38-CF80410D4DA9}.Debug|Any CPU.Build.0 = Debug|Any CPU
		{49408032-5D38-42D5-9F38-CF80410D4DA9}.Debug|Any CPU.Deploy.0 = Debug|Any CPU
		{49408032-5D38-42D5-9F38-CF80410D4DA9}.Release|Any CPU.ActiveCfg = Release|Any CPU
		{49408032-5D38-42D5-9F38-CF80410D4DA9}.Release|Any CPU.Build.0 = Release|Any CPU
		{49408032-5D38-42D5-9F38-CF80410D4DA9}.Release|Any CPU.Deploy.0 = Release|Any CPU
		{E99CB11C-17D2-4106-A8DB-D46A7D016E6D}.Debug|Any CPU.ActiveCfg = Debug|Any CPU
		{E99CB11C-17D2-4106-A8DB-D46A7D016E6D}.Debug|Any CPU.Build.0 = Debug|Any CPU
		{E99CB11C-17D2-4106-A8DB-D46A7D016E6D}.Debug|Any CPU.Deploy.0 = Debug|Any CPU
		{E99CB11C-17D2-4106-A8DB-D46A7D016E6D}.Release|Any CPU.ActiveCfg = Release|Any CPU
		{E99CB11C-17D2-4106-A8DB-D46A7D016E6D}.Release|Any CPU.Build.0 = Release|Any CPU
		{E99CB11C-17D2-4106-A8DB-D46A7D016E6D}.Release|Any CPU.Deploy.0 = Release|Any CPU
		{60AA9A46-B261-4E4F-86CB-CD6989E5E33C}.Debug|Any CPU.ActiveCfg = Debug|Any CPU
		{60AA9A46-B261-4E4F-86CB-CD6989E5E33C}.Debug|Any CPU.Build.0 = Debug|Any CPU
		{60AA9A46-B261-4E4F-86CB-CD6989E5E33C}.Debug|Any CPU.Deploy.0 = Debug|Any CPU
		{60AA9A46-B261-4E4F-86CB-CD6989E5E33C}.Release|Any CPU.ActiveCfg = Release|Any CPU
		{60AA9A46-B261-4E4F-86CB-CD6989E5E33C}.Release|Any CPU.Build.0 = Release|Any CPU
		{60AA9A46-B261-4E4F-86CB-CD6989E5E33C}.Release|Any CPU.Deploy.0 = Release|Any CPU
		{DDA56EBC-C8FF-4BF5-A6D3-D479BECC9DAA}.Debug|Any CPU.ActiveCfg = Debug|Any CPU
		{DDA56EBC-C8FF-4BF5-A6D3-D479BECC9DAA}.Debug|Any CPU.Build.0 = Debug|Any CPU
		{DDA56EBC-C8FF-4BF5-A6D3-D479BECC9DAA}.Debug|Any CPU.Deploy.0 = Debug|Any CPU
		{DDA56EBC-C8FF-4BF5-A6D3-D479BECC9DAA}.Release|Any CPU.ActiveCfg = Release|Any CPU
		{DDA56EBC-C8FF-4BF5-A6D3-D479BECC9DAA}.Release|Any CPU.Build.0 = Release|Any CPU
		{DDA56EBC-C8FF-4BF5-A6D3-D479BECC9DAA}.Release|Any CPU.Deploy.0 = Release|Any CPU
		{348EEB7A-5F6D-4B5C-A08A-02B1C3416FAB}.Debug|Any CPU.ActiveCfg = Debug|Any CPU
		{348EEB7A-5F6D-4B5C-A08A-02B1C3416FAB}.Debug|Any CPU.Build.0 = Debug|Any CPU
		{348EEB7A-5F6D-4B5C-A08A-02B1C3416FAB}.Debug|Any CPU.Deploy.0 = Debug|Any CPU
		{348EEB7A-5F6D-4B5C-A08A-02B1C3416FAB}.Release|Any CPU.ActiveCfg = Release|Any CPU
		{348EEB7A-5F6D-4B5C-A08A-02B1C3416FAB}.Release|Any CPU.Build.0 = Release|Any CPU
		{348EEB7A-5F6D-4B5C-A08A-02B1C3416FAB}.Release|Any CPU.Deploy.0 = Release|Any CPU
		{03AB6143-C19C-413B-B43C-8CB319DB24B0}.Debug|Any CPU.ActiveCfg = Debug|Any CPU
		{03AB6143-C19C-413B-B43C-8CB319DB24B0}.Debug|Any CPU.Build.0 = Debug|Any CPU
		{03AB6143-C19C-413B-B43C-8CB319DB24B0}.Debug|Any CPU.Deploy.0 = Debug|Any CPU
		{03AB6143-C19C-413B-B43C-8CB319DB24B0}.Release|Any CPU.ActiveCfg = Release|Any CPU
		{03AB6143-C19C-413B-B43C-8CB319DB24B0}.Release|Any CPU.Build.0 = Release|Any CPU
		{03AB6143-C19C-413B-B43C-8CB319DB24B0}.Release|Any CPU.Deploy.0 = Release|Any CPU
		{35221201-546D-4753-8D22-E10A2EC9B266}.Debug|Any CPU.ActiveCfg = Debug|Any CPU
		{35221201-546D-4753-8D22-E10A2EC9B266}.Debug|Any CPU.Build.0 = Debug|Any CPU
		{35221201-546D-4753-8D22-E10A2EC9B266}.Debug|Any CPU.Deploy.0 = Debug|Any CPU
		{35221201-546D-4753-8D22-E10A2EC9B266}.Release|Any CPU.ActiveCfg = Release|Any CPU
		{35221201-546D-4753-8D22-E10A2EC9B266}.Release|Any CPU.Build.0 = Release|Any CPU
		{35221201-546D-4753-8D22-E10A2EC9B266}.Release|Any CPU.Deploy.0 = Release|Any CPU
		{E7A3CB3A-7293-42EB-A851-4D96A009F03B}.Debug|Any CPU.ActiveCfg = Debug|Any CPU
		{E7A3CB3A-7293-42EB-A851-4D96A009F03B}.Debug|Any CPU.Build.0 = Debug|Any CPU
		{E7A3CB3A-7293-42EB-A851-4D96A009F03B}.Debug|Any CPU.Deploy.0 = Debug|Any CPU
		{E7A3CB3A-7293-42EB-A851-4D96A009F03B}.Release|Any CPU.ActiveCfg = Release|Any CPU
		{E7A3CB3A-7293-42EB-A851-4D96A009F03B}.Release|Any CPU.Build.0 = Release|Any CPU
		{E7A3CB3A-7293-42EB-A851-4D96A009F03B}.Release|Any CPU.Deploy.0 = Release|Any CPU
		{A4B799B3-484B-49D9-8224-2750A96071B3}.Debug|Any CPU.ActiveCfg = Debug|Any CPU
		{A4B799B3-484B-49D9-8224-2750A96071B3}.Debug|Any CPU.Build.0 = Debug|Any CPU
		{A4B799B3-484B-49D9-8224-2750A96071B3}.Debug|Any CPU.Deploy.0 = Debug|Any CPU
		{A4B799B3-484B-49D9-8224-2750A96071B3}.Release|Any CPU.ActiveCfg = Release|Any CPU
		{A4B799B3-484B-49D9-8224-2750A96071B3}.Release|Any CPU.Build.0 = Release|Any CPU
		{A4B799B3-484B-49D9-8224-2750A96071B3}.Release|Any CPU.Deploy.0 = Release|Any CPU
		{92244F4E-051D-48F0-8C70-8215B423F1E0}.Debug|Any CPU.ActiveCfg = Debug|Any CPU
		{92244F4E-051D-48F0-8C70-8215B423F1E0}.Debug|Any CPU.Build.0 = Debug|Any CPU
		{92244F4E-051D-48F0-8C70-8215B423F1E0}.Debug|Any CPU.Deploy.0 = Debug|Any CPU
		{92244F4E-051D-48F0-8C70-8215B423F1E0}.Release|Any CPU.ActiveCfg = Release|Any CPU
		{92244F4E-051D-48F0-8C70-8215B423F1E0}.Release|Any CPU.Build.0 = Release|Any CPU
		{92244F4E-051D-48F0-8C70-8215B423F1E0}.Release|Any CPU.Deploy.0 = Release|Any CPU
	EndGlobalSection
	GlobalSection(SolutionProperties) = preSolution
		HideSolutionNode = FALSE
	EndGlobalSection
	GlobalSection(NestedProjects) = preSolution
		{9D8EEB97-915C-4A85-A337-4F8C38313B99} = {ED690659-F01C-4A53-BD02-F2A0AFC9930D}
		{DA3B58A1-FCBD-4B26-A20B-E88AA6EF1D03} = {ED690659-F01C-4A53-BD02-F2A0AFC9930D}
		{5E423F8B-39CF-43FC-B5E1-3C08A04466BE} = {3DBF72B8-0253-4044-A98D-39C257914A18}
		{49408032-5D38-42D5-9F38-CF80410D4DA9} = {3DBF72B8-0253-4044-A98D-39C257914A18}
		{E99CB11C-17D2-4106-A8DB-D46A7D016E6D} = {3DBF72B8-0253-4044-A98D-39C257914A18}
		{60AA9A46-B261-4E4F-86CB-CD6989E5E33C} = {3DBF72B8-0253-4044-A98D-39C257914A18}
		{DDA56EBC-C8FF-4BF5-A6D3-D479BECC9DAA} = {6E2933D6-3FB3-4C9F-803F-2C79CEC7D4DF}
		{348EEB7A-5F6D-4B5C-A08A-02B1C3416FAB} = {DC1366FD-6D9B-40A1-8C2F-49DD1D2FA3A4}
		{03AB6143-C19C-413B-B43C-8CB319DB24B0} = {F95F49F5-1A8C-44A0-923E-6949B161F423}
		{35221201-546D-4753-8D22-E10A2EC9B266} = {E7233A59-D714-45ED-885E-62873461FAE7}
		{E7A3CB3A-7293-42EB-A851-4D96A009F03B} = {6AF9FC8B-1523-4F40-8791-7523EFAFD3A6}
		{A4B799B3-484B-49D9-8224-2750A96071B3} = {123905DC-1BEA-4BD2-A23C-383B14A734C4}
		{92244F4E-051D-48F0-8C70-8215B423F1E0} = {8904EA56-0C90-41EC-9FAB-C3821FA06CC0}
	EndGlobalSection
EndGlobal
