
Microsoft Visual Studio Solution File, Format Version 12.00
# Visual Studio 14
VisualStudioVersion = 14.0.25420.1
MinimumVisualStudioVersion = 10.0.40219.1
Project("{FAE04EC0-301F-11D3-BF4B-00C04F79EFBC}") = "Fragments", "Fragments\Fragments.csproj", "{DDA56EBC-C8FF-4BF5-A6D3-D479BECC9DAA}"
EndProject
Global
	GlobalSection(SolutionConfigurationPlatforms) = preSolution
		Debug|Any CPU = Debug|Any CPU
		Release|Any CPU = Release|Any CPU
	EndGlobalSection
	GlobalSection(ProjectConfigurationPlatforms) = postSolution
		{DDA56EBC-C8FF-4BF5-A6D3-D479BECC9DAA}.Debug|Any CPU.ActiveCfg = Debug|Any CPU
		{DDA56EBC-C8FF-4BF5-A6D3-D479BECC9DAA}.Debug|Any CPU.Build.0 = Debug|Any CPU
		{DDA56EBC-C8FF-4BF5-A6D3-D479BECC9DAA}.Debug|Any CPU.Deploy.0 = Debug|Any CPU
		{DDA56EBC-C8FF-4BF5-A6D3-D479BECC9DAA}.Release|Any CPU.ActiveCfg = Release|Any CPU
		{DDA56EBC-C8FF-4BF5-A6D3-D479BECC9DAA}.Release|Any CPU.Build.0 = Release|Any CPU
		{DDA56EBC-C8FF-4BF5-A6D3-D479BECC9DAA}.Release|Any CPU.Deploy.0 = Release|Any CPU
	EndGlobalSection
	GlobalSection(SolutionProperties) = preSolution
		HideSolutionNode = FALSE
	EndGlobalSection
EndGlobal
