
Microsoft Visual Studio Solution File, Format Version 12.00
# Visual Studio 14
VisualStudioVersion = 14.0.25420.1
MinimumVisualStudioVersion = 10.0.40219.1
Project("{FAE04EC0-301F-11D3-BF4B-00C04F79EFBC}") = "ActionBar_Tab", "ActionBar_Tab\ActionBar_Tab.csproj", "{DA3B58A1-FCBD-4B26-A20B-E88AA6EF1D03}"
EndProject
Global
	GlobalSection(SolutionConfigurationPlatforms) = preSolution
		Debug|Any CPU = Debug|Any CPU
		Release|Any CPU = Release|Any CPU
	EndGlobalSection
	GlobalSection(ProjectConfigurationPlatforms) = postSolution
		{DA3B58A1-FCBD-4B26-A20B-E88AA6EF1D03}.Debug|Any CPU.ActiveCfg = Debug|Any CPU
		{DA3B58A1-FCBD-4B26-A20B-E88AA6EF1D03}.Debug|Any CPU.Build.0 = Debug|Any CPU
		{DA3B58A1-FCBD-4B26-A20B-E88AA6EF1D03}.Debug|Any CPU.Deploy.0 = Debug|Any CPU
		{DA3B58A1-FCBD-4B26-A20B-E88AA6EF1D03}.Release|Any CPU.ActiveCfg = Release|Any CPU
		{DA3B58A1-FCBD-4B26-A20B-E88AA6EF1D03}.Release|Any CPU.Build.0 = Release|Any CPU
		{DA3B58A1-FCBD-4B26-A20B-E88AA6EF1D03}.Release|Any CPU.Deploy.0 = Release|Any CPU
	EndGlobalSection
	GlobalSection(SolutionProperties) = preSolution
		HideSolutionNode = FALSE
	EndGlobalSection
EndGlobal
